// !$*UTF8*$!
{
	archiveVersion = 1;
	classes = {
	};
	objectVersion = 48;
	objects = {

/* Begin PBXBuildFile section */
		263E54372044857F00C3A9DD /* AppDelegate.swift in Sources */ = {isa = PBXBuildFile; fileRef = 263E54362044857F00C3A9DD /* AppDelegate.swift */; };
		263E54392044857F00C3A9DD /* ViewController.swift in Sources */ = {isa = PBXBuildFile; fileRef = 263E54382044857F00C3A9DD /* ViewController.swift */; };
		263E543C2044857F00C3A9DD /* Main.storyboard in Resources */ = {isa = PBXBuildFile; fileRef = 263E543A2044857F00C3A9DD /* Main.storyboard */; };
		263E543E2044857F00C3A9DD /* Assets.xcassets in Resources */ = {isa = PBXBuildFile; fileRef = 263E543D2044857F00C3A9DD /* Assets.xcassets */; };
		263E54412044857F00C3A9DD /* LaunchScreen.storyboard in Resources */ = {isa = PBXBuildFile; fileRef = 263E543F2044857F00C3A9DD /* LaunchScreen.storyboard */; };
		263E544C2044857F00C3A9DD /* Instagram_Ibola1Tests.swift in Sources */ = {isa = PBXBuildFile; fileRef = 263E544B2044857F00C3A9DD /* Instagram_Ibola1Tests.swift */; };
		263E54572044857F00C3A9DD /* Instagram_Ibola1UITests.swift in Sources */ = {isa = PBXBuildFile; fileRef = 263E54562044857F00C3A9DD /* Instagram_Ibola1UITests.swift */; };
/* End PBXBuildFile section */

/* Begin PBXContainerItemProxy section */
		263E54482044857F00C3A9DD /* PBXContainerItemProxy */ = {
			isa = PBXContainerItemProxy;
			containerPortal = 263E542B2044857F00C3A9DD /* Project object */;
			proxyType = 1;
			remoteGlobalIDString = 263E54322044857F00C3A9DD;
			remoteInfo = Instagram_Ibola1;
		};
		263E54532044857F00C3A9DD /* PBXContainerItemProxy */ = {
			isa = PBXContainerItemProxy;
			containerPortal = 263E542B2044857F00C3A9DD /* Project object */;
			proxyType = 1;
			remoteGlobalIDString = 263E54322044857F00C3A9DD;
			remoteInfo = Instagram_Ibola1;
		};
/* End PBXContainerItemProxy section */

/* Begin PBXFileReference section */
		263E54332044857F00C3A9DD /* Instagram_Ibola1.app */ = {isa = PBXFileReference; explicitFileType = wrapper.application; includeInIndex = 0; path = Instagram_Ibola1.app; sourceTree = BUILT_PRODUCTS_DIR; };
		263E54362044857F00C3A9DD /* AppDelegate.swift */ = {isa = PBXFileReference; lastKnownFileType = sourcecode.swift; path = AppDelegate.swift; sourceTree = "<group>"; };
		263E54382044857F00C3A9DD /* ViewController.swift */ = {isa = PBXFileReference; lastKnownFileType = sourcecode.swift; path = ViewController.swift; sourceTree = "<group>"; };
		263E543B2044857F00C3A9DD /* Base */ = {isa = PBXFileReference; lastKnownFileType = file.storyboard; name = Base; path = Base.lproj/Main.storyboard; sourceTree = "<group>"; };
		263E543D2044857F00C3A9DD /* Assets.xcassets */ = {isa = PBXFileReference; lastKnownFileType = folder.assetcatalog; path = Assets.xcassets; sourceTree = "<group>"; };
		263E54402044857F00C3A9DD /* Base */ = {isa = PBXFileReference; lastKnownFileType = file.storyboard; name = Base; path = Base.lproj/LaunchScreen.storyboard; sourceTree = "<group>"; };
		263E54422044857F00C3A9DD /* Info.plist */ = {isa = PBXFileReference; lastKnownFileType = text.plist.xml; path = Info.plist; sourceTree = "<group>"; };
		263E54472044857F00C3A9DD /* Instagram_Ibola1Tests.xctest */ = {isa = PBXFileReference; explicitFileType = wrapper.cfbundle; includeInIndex = 0; path = Instagram_Ibola1Tests.xctest; sourceTree = BUILT_PRODUCTS_DIR; };
		263E544B2044857F00C3A9DD /* Instagram_Ibola1Tests.swift */ = {isa = PBXFileReference; lastKnownFileType = sourcecode.swift; path = Instagram_Ibola1Tests.swift; sourceTree = "<group>"; };
		263E544D2044857F00C3A9DD /* Info.plist */ = {isa = PBXFileReference; lastKnownFileType = text.plist.xml; path = Info.plist; sourceTree = "<group>"; };
		263E54522044857F00C3A9DD /* Instagram_Ibola1UITests.xctest */ = {isa = PBXFileReference; explicitFileType = wrapper.cfbundle; includeInIndex = 0; path = Instagram_Ibola1UITests.xctest; sourceTree = BUILT_PRODUCTS_DIR; };
		263E54562044857F00C3A9DD /* Instagram_Ibola1UITests.swift */ = {isa = PBXFileReference; lastKnownFileType = sourcecode.swift; path = Instagram_Ibola1UITests.swift; sourceTree = "<group>"; };
		263E54582044857F00C3A9DD /* Info.plist */ = {isa = PBXFileReference; lastKnownFileType = text.plist.xml; path = Info.plist; sourceTree = "<group>"; };
/* End PBXFileReference section */

/* Begin PBXFrameworksBuildPhase section */
		263E54302044857F00C3A9DD /* Frameworks */ = {
			isa = PBXFrameworksBuildPhase;
			buildActionMask = 2147483647;
			files = (
			);
			runOnlyForDeploymentPostprocessing = 0;
		};
		263E54442044857F00C3A9DD /* Frameworks */ = {
			isa = PBXFrameworksBuildPhase;
			buildActionMask = 2147483647;
			files = (
			);
			runOnlyForDeploymentPostprocessing = 0;
		};
		263E544F2044857F00C3A9DD /* Frameworks */ = {
			isa = PBXFrameworksBuildPhase;
			buildActionMask = 2147483647;
			files = (
			);
			runOnlyForDeploymentPostprocessing = 0;
		};
/* End PBXFrameworksBuildPhase section */

/* Begin PBXGroup section */
		263E542A2044857F00C3A9DD = {
			isa = PBXGroup;
			children = (
				263E54352044857F00C3A9DD /* Instagram_Ibola1 */,
				263E544A2044857F00C3A9DD /* Instagram_Ibola1Tests */,
				263E54552044857F00C3A9DD /* Instagram_Ibola1UITests */,
				263E54342044857F00C3A9DD /* Products */,
			);
			sourceTree = "<group>";
		};
		263E54342044857F00C3A9DD /* Products */ = {
			isa = PBXGroup;
			children = (
				263E54332044857F00C3A9DD /* Instagram_Ibola1.app */,
				263E54472044857F00C3A9DD /* Instagram_Ibola1Tests.xctest */,
				263E54522044857F00C3A9DD /* Instagram_Ibola1UITests.xctest */,
			);
			name = Products;
			sourceTree = "<group>";
		};
		263E54352044857F00C3A9DD /* Instagram_Ibola1 */ = {
			isa = PBXGroup;
			children = (
				263E54362044857F00C3A9DD /* AppDelegate.swift */,
				263E54382044857F00C3A9DD /* ViewController.swift */,
				263E543A2044857F00C3A9DD /* Main.storyboard */,
				263E543D2044857F00C3A9DD /* Assets.xcassets */,
				263E543F2044857F00C3A9DD /* LaunchScreen.storyboard */,
				263E54422044857F00C3A9DD /* Info.plist */,
			);
			path = Instagram_Ibola1;
			sourceTree = "<group>";
		};
		263E544A2044857F00C3A9DD /* Instagram_Ibola1Tests */ = {
			isa = PBXGroup;
			children = (
				263E544B2044857F00C3A9DD /* Instagram_Ibola1Tests.swift */,
				263E544D2044857F00C3A9DD /* Info.plist */,
			);
			path = Instagram_Ibola1Tests;
			sourceTree = "<group>";
		};
		263E54552044857F00C3A9DD /* Instagram_Ibola1UITests */ = {
			isa = PBXGroup;
			children = (
				263E54562044857F00C3A9DD /* Instagram_Ibola1UITests.swift */,
				263E54582044857F00C3A9DD /* Info.plist */,
			);
			path = Instagram_Ibola1UITests;
			sourceTree = "<group>";
		};
/* End PBXGroup section */

/* Begin PBXNativeTarget section */
		263E54322044857F00C3A9DD /* Instagram_Ibola1 */ = {
			isa = PBXNativeTarget;
			buildConfigurationList = 263E545B2044857F00C3A9DD /* Build configuration list for PBXNativeTarget "Instagram_Ibola1" */;
			buildPhases = (
				263E542F2044857F00C3A9DD /* Sources */,
				263E54302044857F00C3A9DD /* Frameworks */,
				263E54312044857F00C3A9DD /* Resources */,
			);
			buildRules = (
			);
			dependencies = (
			);
			name = Instagram_Ibola1;
			productName = Instagram_Ibola1;
			productReference = 263E54332044857F00C3A9DD /* Instagram_Ibola1.app */;
			productType = "com.apple.product-type.application";
		};
		263E54462044857F00C3A9DD /* Instagram_Ibola1Tests */ = {
			isa = PBXNativeTarget;
			buildConfigurationList = 263E545E2044857F00C3A9DD /* Build configuration list for PBXNativeTarget "Instagram_Ibola1Tests" */;
			buildPhases = (
				263E54432044857F00C3A9DD /* Sources */,
				263E54442044857F00C3A9DD /* Frameworks */,
				263E54452044857F00C3A9DD /* Resources */,
			);
			buildRules = (
			);
			dependencies = (
				263E54492044857F00C3A9DD /* PBXTargetDependency */,
			);
			name = Instagram_Ibola1Tests;
			productName = Instagram_Ibola1Tests;
			productReference = 263E54472044857F00C3A9DD /* Instagram_Ibola1Tests.xctest */;
			productType = "com.apple.product-type.bundle.unit-test";
		};
		263E54512044857F00C3A9DD /* Instagram_Ibola1UITests */ = {
			isa = PBXNativeTarget;
			buildConfigurationList = 263E54612044857F00C3A9DD /* Build configuration list for PBXNativeTarget "Instagram_Ibola1UITests" */;
			buildPhases = (
				263E544E2044857F00C3A9DD /* Sources */,
				263E544F2044857F00C3A9DD /* Frameworks */,
				263E54502044857F00C3A9DD /* Resources */,
			);
			buildRules = (
			);
			dependencies = (
				263E54542044857F00C3A9DD /* PBXTargetDependency */,
			);
			name = Instagram_Ibola1UITests;
			productName = Instagram_Ibola1UITests;
			productReference = 263E54522044857F00C3A9DD /* Instagram_Ibola1UITests.xctest */;
			productType = "com.apple.product-type.bundle.ui-testing";
		};
/* End PBXNativeTarget section */

/* Begin PBXProject section */
		263E542B2044857F00C3A9DD /* Project object */ = {
			isa = PBXProject;
			attributes = {
				LastSwiftUpdateCheck = 0920;
				LastUpgradeCheck = 0920;
				ORGANIZATIONNAME = Ibukun;
				TargetAttributes = {
					263E54322044857F00C3A9DD = {
						CreatedOnToolsVersion = 9.2;
						ProvisioningStyle = Automatic;
					};
					263E54462044857F00C3A9DD = {
						CreatedOnToolsVersion = 9.2;
						ProvisioningStyle = Automatic;
						TestTargetID = 263E54322044857F00C3A9DD;
					};
					263E54512044857F00C3A9DD = {
						CreatedOnToolsVersion = 9.2;
						ProvisioningStyle = Automatic;
						TestTargetID = 263E54322044857F00C3A9DD;
					};
				};
			};
			buildConfigurationList = 263E542E2044857F00C3A9DD /* Build configuration list for PBXProject "Instagram_Ibola1" */;
			compatibilityVersion = "Xcode 8.0";
			developmentRegion = en;
			hasScannedForEncodings = 0;
			knownRegions = (
				en,
				Base,
			);
			mainGroup = 263E542A2044857F00C3A9DD;
			productRefGroup = 263E54342044857F00C3A9DD /* Products */;
			projectDirPath = "";
			projectRoot = "";
			targets = (
				263E54322044857F00C3A9DD /* Instagram_Ibola1 */,
				263E54462044857F00C3A9DD /* Instagram_Ibola1Tests */,
				263E54512044857F00C3A9DD /* Instagram_Ibola1UITests */,
			);
		};
/* End PBXProject section */

/* Begin PBXResourcesBuildPhase section */
		263E54312044857F00C3A9DD /* Resources */ = {
			isa = PBXResourcesBuildPhase;
			buildActionMask = 2147483647;
			files = (
				263E54412044857F00C3A9DD /* LaunchScreen.storyboard in Resources */,
				263E543E2044857F00C3A9DD /* Assets.xcassets in Resources */,
				263E543C2044857F00C3A9DD /* Main.storyboard in Resources */,
			);
			runOnlyForDeploymentPostprocessing = 0;
		};
		263E54452044857F00C3A9DD /* Resources */ = {
			isa = PBXResourcesBuildPhase;
			buildActionMask = 2147483647;
			files = (
			);
			runOnlyForDeploymentPostprocessing = 0;
		};
		263E54502044857F00C3A9DD /* Resources */ = {
			isa = PBXResourcesBuildPhase;
			buildActionMask = 2147483647;
			files = (
			);
			runOnlyForDeploymentPostprocessing = 0;
		};
/* End PBXResourcesBuildPhase section */

/* Begin PBXSourcesBuildPhase section */
		263E542F2044857F00C3A9DD /* Sources */ = {
			isa = PBXSourcesBuildPhase;
			buildActionMask = 2147483647;
			files = (
				263E54392044857F00C3A9DD /* ViewController.swift in Sources */,
				263E54372044857F00C3A9DD /* AppDelegate.swift in Sources */,
			);
			runOnlyForDeploymentPostprocessing = 0;
		};
		263E54432044857F00C3A9DD /* Sources */ = {
			isa = PBXSourcesBuildPhase;
			buildActionMask = 2147483647;
			files = (
				263E544C2044857F00C3A9DD /* Instagram_Ibola1Tests.swift in Sources */,
			);
			runOnlyForDeploymentPostprocessing = 0;
		};
		263E544E2044857F00C3A9DD /* Sources */ = {
			isa = PBXSourcesBuildPhase;
			buildActionMask = 2147483647;
			files = (
				263E54572044857F00C3A9DD /* Instagram_Ibola1UITests.swift in Sources */,
			);
			runOnlyForDeploymentPostprocessing = 0;
		};
/* End PBXSourcesBuildPhase section */

/* Begin PBXTargetDependency section */
		263E54492044857F00C3A9DD /* PBXTargetDependency */ = {
			isa = PBXTargetDependency;
			target = 263E54322044857F00C3A9DD /* Instagram_Ibola1 */;
			targetProxy = 263E54482044857F00C3A9DD /* PBXContainerItemProxy */;
		};
		263E54542044857F00C3A9DD /* PBXTargetDependency */ = {
			isa = PBXTargetDependency;
			target = 263E54322044857F00C3A9DD /* Instagram_Ibola1 */;
			targetProxy = 263E54532044857F00C3A9DD /* PBXContainerItemProxy */;
		};
/* End PBXTargetDependency section */

/* Begin PBXVariantGroup section */
		263E543A2044857F00C3A9DD /* Main.storyboard */ = {
			isa = PBXVariantGroup;
			children = (
				263E543B2044857F00C3A9DD /* Base */,
			);
			name = Main.storyboard;
			sourceTree = "<group>";
		};
		263E543F2044857F00C3A9DD /* LaunchScreen.storyboard */ = {
			isa = PBXVariantGroup;
			children = (
				263E54402044857F00C3A9DD /* Base */,
			);
			name = LaunchScreen.storyboard;
			sourceTree = "<group>";
		};
/* End PBXVariantGroup section */

/* Begin XCBuildConfiguration section */
		263E54592044857F00C3A9DD /* Debug */ = {
			isa = XCBuildConfiguration;
			buildSettings = {
				ALWAYS_SEARCH_USER_PATHS = NO;
				CLANG_ANALYZER_NONNULL = YES;
				CLANG_ANALYZER_NUMBER_OBJECT_CONVERSION = YES_AGGRESSIVE;
				CLANG_CXX_LANGUAGE_STANDARD = "gnu++14";
				CLANG_CXX_LIBRARY = "libc++";
				CLANG_ENABLE_MODULES = YES;
				CLANG_ENABLE_OBJC_ARC = YES;
				CLANG_WARN_BLOCK_CAPTURE_AUTORELEASING = YES;
				CLANG_WARN_BOOL_CONVERSION = YES;
				CLANG_WARN_COMMA = YES;
				CLANG_WARN_CONSTANT_CONVERSION = YES;
				CLANG_WARN_DIRECT_OBJC_ISA_USAGE = YES_ERROR;
				CLANG_WARN_DOCUMENTATION_COMMENTS = YES;
				CLANG_WARN_EMPTY_BODY = YES;
				CLANG_WARN_ENUM_CONVERSION = YES;
				CLANG_WARN_INFINITE_RECURSION = YES;
				CLANG_WARN_INT_CONVERSION = YES;
				CLANG_WARN_NON_LITERAL_NULL_CONVERSION = YES;
				CLANG_WARN_OBJC_LITERAL_CONVERSION = YES;
				CLANG_WARN_OBJC_ROOT_CLASS = YES_ERROR;
				CLANG_WARN_RANGE_LOOP_ANALYSIS = YES;
				CLANG_WARN_STRICT_PROTOTYPES = YES;
				CLANG_WARN_SUSPICIOUS_MOVE = YES;
				CLANG_WARN_UNGUARDED_AVAILABILITY = YES_AGGRESSIVE;
				CLANG_WARN_UNREACHABLE_CODE = YES;
				CLANG_WARN__DUPLICATE_METHOD_MATCH = YES;
				CODE_SIGN_IDENTITY = "iPhone Developer";
				COPY_PHASE_STRIP = NO;
				DEBUG_INFORMATION_FORMAT = dwarf;
				ENABLE_STRICT_OBJC_MSGSEND = YES;
				ENABLE_TESTABILITY = YES;
				GCC_C_LANGUAGE_STANDARD = gnu11;
				GCC_DYNAMIC_NO_PIC = NO;
				GCC_NO_COMMON_BLOCKS = YES;
				GCC_OPTIMIZATION_LEVEL = 0;
				GCC_PREPROCESSOR_DEFINITIONS = (
					"DEBUG=1",
					"$(inherited)",
				);
				GCC_WARN_64_TO_32_BIT_CONVERSION = YES;
				GCC_WARN_ABOUT_RETURN_TYPE = YES_ERROR;
				GCC_WARN_UNDECLARED_SELECTOR = YES;
				GCC_WARN_UNINITIALIZED_AUTOS = YES_AGGRESSIVE;
				GCC_WARN_UNUSED_FUNCTION = YES;
				GCC_WARN_UNUSED_VARIABLE = YES;
				IPHONEOS_DEPLOYMENT_TARGET = 11.2;
				MTL_ENABLE_DEBUG_INFO = YES;
				ONLY_ACTIVE_ARCH = YES;
				SDKROOT = iphoneos;
				SWIFT_ACTIVE_COMPILATION_CONDITIONS = DEBUG;
				SWIFT_OPTIMIZATION_LEVEL = "-Onone";
			};
			name = Debug;
		};
		263E545A2044857F00C3A9DD /* Release */ = {
			isa = XCBuildConfiguration;
			buildSettings = {
				ALWAYS_SEARCH_USER_PATHS = NO;
				CLANG_ANALYZER_NONNULL = YES;
				CLANG_ANALYZER_NUMBER_OBJECT_CONVERSION = YES_AGGRESSIVE;
				CLANG_CXX_LANGUAGE_STANDARD = "gnu++14";
				CLANG_CXX_LIBRARY = "libc++";
				CLANG_ENABLE_MODULES = YES;
				CLANG_ENABLE_OBJC_ARC = YES;
				CLANG_WARN_BLOCK_CAPTURE_AUTORELEASING = YES;
				CLANG_WARN_BOOL_CONVERSION = YES;
				CLANG_WARN_COMMA = YES;
				CLANG_WARN_CONSTANT_CONVERSION = YES;
				CLANG_WARN_DIRECT_OBJC_ISA_USAGE = YES_ERROR;
				CLANG_WARN_DOCUMENTATION_COMMENTS = YES;
				CLANG_WARN_EMPTY_BODY = YES;
				CLANG_WARN_ENUM_CONVERSION = YES;
				CLANG_WARN_INFINITE_RECURSION = YES;
				CLANG_WARN_INT_CONVERSION = YES;
				CLANG_WARN_NON_LITERAL_NULL_CONVERSION = YES;
				CLANG_WARN_OBJC_LITERAL_CONVERSION = YES;
				CLANG_WARN_OBJC_ROOT_CLASS = YES_ERROR;
				CLANG_WARN_RANGE_LOOP_ANALYSIS = YES;
				CLANG_WARN_STRICT_PROTOTYPES = YES;
				CLANG_WARN_SUSPICIOUS_MOVE = YES;
				CLANG_WARN_UNGUARDED_AVAILABILITY = YES_AGGRESSIVE;
				CLANG_WARN_UNREACHABLE_CODE = YES;
				CLANG_WARN__DUPLICATE_METHOD_MATCH = YES;
				CODE_SIGN_IDENTITY = "iPhone Developer";
				COPY_PHASE_STRIP = NO;
				DEBUG_INFORMATION_FORMAT = "dwarf-with-dsym";
				ENABLE_NS_ASSERTIONS = NO;
				ENABLE_STRICT_OBJC_MSGSEND = YES;
				GCC_C_LANGUAGE_STANDARD = gnu11;
				GCC_NO_COMMON_BLOCKS = YES;
				GCC_WARN_64_TO_32_BIT_CONVERSION = YES;
				GCC_WARN_ABOUT_RETURN_TYPE = YES_ERROR;
				GCC_WARN_UNDECLARED_SELECTOR = YES;
				GCC_WARN_UNINITIALIZED_AUTOS = YES_AGGRESSIVE;
				GCC_WARN_UNUSED_FUNCTION = YES;
				GCC_WARN_UNUSED_VARIABLE = YES;
				IPHONEOS_DEPLOYMENT_TARGET = 11.2;
				MTL_ENABLE_DEBUG_INFO = NO;
				SDKROOT = iphoneos;
				SWIFT_OPTIMIZATION_LEVEL = "-Owholemodule";
				VALIDATE_PRODUCT = YES;
			};
			name = Release;
		};
		263E545C2044857F00C3A9DD /* Debug */ = {
			isa = XCBuildConfiguration;
			buildSettings = {
				ASSETCATALOG_COMPILER_APPICON_NAME = AppIcon;
				CODE_SIGN_STYLE = Automatic;
				INFOPLIST_FILE = Instagram_Ibola1/Info.plist;
				LD_RUNPATH_SEARCH_PATHS = "$(inherited) @executable_path/Frameworks";
				PRODUCT_BUNDLE_IDENTIFIER = "com.ibola.Instagram-Ibola1";
				PRODUCT_NAME = "$(TARGET_NAME)";
				SWIFT_VERSION = 4.0;
				TARGETED_DEVICE_FAMILY = "1,2";
			};
			name = Debug;
		};
		263E545D2044857F00C3A9DD /* Release */ = {
			isa = XCBuildConfiguration;
			buildSettings = {
				ASSETCATALOG_COMPILER_APPICON_NAME = AppIcon;
				CODE_SIGN_STYLE = Automatic;
				INFOPLIST_FILE = Instagram_Ibola1/Info.plist;
				LD_RUNPATH_SEARCH_PATHS = "$(inherited) @executable_path/Frameworks";
				PRODUCT_BUNDLE_IDENTIFIER = "com.ibola.Instagram-Ibola1";
				PRODUCT_NAME = "$(TARGET_NAME)";
				SWIFT_VERSION = 4.0;
				TARGETED_DEVICE_FAMILY = "1,2";
			};
			name = Release;
		};
		263E545F2044857F00C3A9DD /* Debug */ = {
			isa = XCBuildConfiguration;
			buildSettings = {
				ALWAYS_EMBED_SWIFT_STANDARD_LIBRARIES = YES;
				BUNDLE_LOADER = "$(TEST_HOST)";
				CODE_SIGN_STYLE = Automatic;
				INFOPLIST_FILE = Instagram_Ibola1Tests/Info.plist;
				LD_RUNPATH_SEARCH_PATHS = "$(inherited) @executable_path/Frameworks @loader_path/Frameworks";
				PRODUCT_BUNDLE_IDENTIFIER = "com.ibola.Instagram-Ibola1Tests";
				PRODUCT_NAME = "$(TARGET_NAME)";
				SWIFT_VERSION = 4.0;
				TARGETED_DEVICE_FAMILY = "1,2";
				TEST_HOST = "$(BUILT_PRODUCTS_DIR)/Instagram_Ibola1.app/Instagram_Ibola1";
			};
			name = Debug;
		};
		263E54602044857F00C3A9DD /* Release */ = {
			isa = XCBuildConfiguration;
			buildSettings = {
				ALWAYS_EMBED_SWIFT_STANDARD_LIBRARIES = YES;
				BUNDLE_LOADER = "$(TEST_HOST)";
				CODE_SIGN_STYLE = Automatic;
				INFOPLIST_FILE = Instagram_Ibola1Tests/Info.plist;
				LD_RUNPATH_SEARCH_PATHS = "$(inherited) @executable_path/Frameworks @loader_path/Frameworks";
				PRODUCT_BUNDLE_IDENTIFIER = "com.ibola.Instagram-Ibola1Tests";
				PRODUCT_NAME = "$(TARGET_NAME)";
				SWIFT_VERSION = 4.0;
				TARGETED_DEVICE_FAMILY = "1,2";
				TEST_HOST = "$(BUILT_PRODUCTS_DIR)/Instagram_Ibola1.app/Instagram_Ibola1";
			};
			name = Release;
		};
		263E54622044857F00C3A9DD /* Debug */ = {
			isa = XCBuildConfiguration;
			buildSettings = {
				ALWAYS_EMBED_SWIFT_STANDARD_LIBRARIES = YES;
				CODE_SIGN_STYLE = Automatic;
				INFOPLIST_FILE = Instagram_Ibola1UITests/Info.plist;
				LD_RUNPATH_SEARCH_PATHS = "$(inherited) @executable_path/Frameworks @loader_path/Frameworks";
				PRODUCT_BUNDLE_IDENTIFIER = "com.ibola.Instagram-Ibola1UITests";
				PRODUCT_NAME = "$(TARGET_NAME)";
				SWIFT_VERSION = 4.0;
				TARGETED_DEVICE_FAMILY = "1,2";
				TEST_TARGET_NAME = Instagram_Ibola1;
			};
			name = Debug;
		};
		263E54632044857F00C3A9DD /* Release */ = {
			isa = XCBuildConfiguration;
			buildSettings = {
				ALWAYS_EMBED_SWIFT_STANDARD_LIBRARIES = YES;
				CODE_SIGN_STYLE = Automatic;
				INFOPLIST_FILE = Instagram_Ibola1UITests/Info.plist;
				LD_RUNPATH_SEARCH_PATHS = "$(inherited) @executable_path/Frameworks @loader_path/Frameworks";
				PRODUCT_BUNDLE_IDENTIFIER = "com.ibola.Instagram-Ibola1UITests";
				PRODUCT_NAME = "$(TARGET_NAME)";
				SWIFT_VERSION = 4.0;
				TARGETED_DEVICE_FAMILY = "1,2";
				TEST_TARGET_NAME = Instagram_Ibola1;
			};
			name = Release;
		};
/* End XCBuildConfiguration section */

/* Begin XCConfigurationList section */
		263E542E2044857F00C3A9DD /* Build configuration list for PBXProject "Instagram_Ibola1" */ = {
			isa = XCConfigurationList;
			buildConfigurations = (
				263E54592044857F00C3A9DD /* Debug */,
				263E545A2044857F00C3A9DD /* Release */,
			);
			defaultConfigurationIsVisible = 0;
			defaultConfigurationName = Release;
		};
		263E545B2044857F00C3A9DD /* Build configuration list for PBXNativeTarget "Instagram_Ibola1" */ = {
			isa = XCConfigurationList;
			buildConfigurations = (
				263E545C2044857F00C3A9DD /* Debug */,
				263E545D2044857F00C3A9DD /* Release */,
			);
			defaultConfigurationIsVisible = 0;
			defaultConfigurationName = Release;
		};
		263E545E2044857F00C3A9DD /* Build configuration list for PBXNativeTarget "Instagram_Ibola1Tests" */ = {
			isa = XCConfigurationList;
			buildConfigurations = (
				263E545F2044857F00C3A9DD /* Debug */,
				263E54602044857F00C3A9DD /* Release */,
			);
			defaultConfigurationIsVisible = 0;
			defaultConfigurationName = Release;
		};
		263E54612044857F00C3A9DD /* Build configuration list for PBXNativeTarget "Instagram_Ibola1UITests" */ = {
			isa = XCConfigurationList;
			buildConfigurations = (
				263E54622044857F00C3A9DD /* Debug */,
				263E54632044857F00C3A9DD /* Release */,
			);
			defaultConfigurationIsVisible = 0;
			defaultConfigurationName = Release;
		};
/* End XCConfigurationList section */
	};
	rootObject = 263E542B2044857F00C3A9DD /* Project object */;
}
